// !$*UTF8*$!
{
	archiveVersion = 1;
	classes = {
	};
	objectVersion = 46;
	objects = {

/* Begin PBXBuildFile section */
		370E45E01D027B5200887C7F /* main.m in Sources */ = {isa = PBXBuildFile; fileRef = 370E45DF1D027B5200887C7F /* main.m */; };
		370E45E31D027B5200887C7F /* AppDelegate.m in Sources */ = {isa = PBXBuildFile; fileRef = 370E45E21D027B5200887C7F /* AppDelegate.m */; };
		370E45E61D027B5200887C7F /* ViewController.m in Sources */ = {isa = PBXBuildFile; fileRef = 370E45E51D027B5200887C7F /* ViewController.m */; };
		370E45E91D027B5200887C7F /* Main.storyboard in Resources */ = {isa = PBXBuildFile; fileRef = 370E45E71D027B5200887C7F /* Main.storyboard */; };
		370E45EB1D027B5200887C7F /* Assets.xcassets in Resources */ = {isa = PBXBuildFile; fileRef = 370E45EA1D027B5200887C7F /* Assets.xcassets */; };
		370E45EE1D027B5200887C7F /* LaunchScreen.storyboard in Resources */ = {isa = PBXBuildFile; fileRef = 370E45EC1D027B5200887C7F /* LaunchScreen.storyboard */; };
		370E45F71D027C5000887C7F /* desk.jpg in Resources */ = {isa = PBXBuildFile; fileRef = 370E45F51D027C5000887C7F /* desk.jpg */; };
		370E45F81D027C5000887C7F /* plane.jpg in Resources */ = {isa = PBXBuildFile; fileRef = 370E45F61D027C5000887C7F /* plane.jpg */; };
		3745DB5A1D0558E8009D8453 /* IconAllItem.png in Resources */ = {isa = PBXBuildFile; fileRef = 3745DB571D0558E8009D8453 /* IconAllItem.png */; };
		3745DB5B1D0558E8009D8453 /* IconCart.png in Resources */ = {isa = PBXBuildFile; fileRef = 3745DB581D0558E8009D8453 /* IconCart.png */; };
		3745DB5C1D0558E8009D8453 /* IconUser.png in Resources */ = {isa = PBXBuildFile; fileRef = 3745DB591D0558E8009D8453 /* IconUser.png */; };
		3745DB5F1D069BCF009D8453 /* UserObject.m in Sources */ = {isa = PBXBuildFile; fileRef = 3745DB5E1D069BCF009D8453 /* UserObject.m */; };
		3745DB611D07010F009D8453 /* macbook.jpg in Resources */ = {isa = PBXBuildFile; fileRef = 3745DB601D07010F009D8453 /* macbook.jpg */; };
		37929E3D1D029F2800ED632E /* ItemTableViewController.m in Sources */ = {isa = PBXBuildFile; fileRef = 37929E3C1D029F2800ED632E /* ItemTableViewController.m */; };
		37929E3F1D02A87F00ED632E /* Items.m in Sources */ = {isa = PBXBuildFile; fileRef = 37929E3E1D02A87F00ED632E /* Items.m */; };
		37929E441D02AD2400ED632E /* ItemObject.m in Sources */ = {isa = PBXBuildFile; fileRef = 37929E431D02AD2400ED632E /* ItemObject.m */; };
		37929E461D02B59200ED632E /* item1.png in Resources */ = {isa = PBXBuildFile; fileRef = 37929E451D02B59200ED632E /* item1.png */; };
		37929E481D02B59900ED632E /* item3.png in Resources */ = {isa = PBXBuildFile; fileRef = 37929E471D02B59900ED632E /* item3.png */; };
		37929E4A1D02B59F00ED632E /* item2.png in Resources */ = {isa = PBXBuildFile; fileRef = 37929E491D02B59F00ED632E /* item2.png */; };
		37929E591D02C22200ED632E /* ItemDetailUIViewController.m in Sources */ = {isa = PBXBuildFile; fileRef = 37929E581D02C22200ED632E /* ItemDetailUIViewController.m */; };
		37F916BA1D02874B00C20731 /* 3C.png in Resources */ = {isa = PBXBuildFile; fileRef = 37F916B31D02874B00C20731 /* 3C.png */; };
		37F916BB1D02874B00C20731 /* bags.png in Resources */ = {isa = PBXBuildFile; fileRef = 37F916B41D02874B00C20731 /* bags.png */; };
		37F916BC1D02874B00C20731 /* food.png in Resources */ = {isa = PBXBuildFile; fileRef = 37F916B51D02874B00C20731 /* food.png */; };
		37F916BD1D02874B00C20731 /* life.png in Resources */ = {isa = PBXBuildFile; fileRef = 37F916B61D02874B00C20731 /* life.png */; };
		37F916BE1D02874B00C20731 /* others.png in Resources */ = {isa = PBXBuildFile; fileRef = 37F916B71D02874B00C20731 /* others.png */; };
		37F916BF1D02874B00C20731 /* pants.png in Resources */ = {isa = PBXBuildFile; fileRef = 37F916B81D02874B00C20731 /* pants.png */; };
		37F916C01D02874B00C20731 /* shoes.png in Resources */ = {isa = PBXBuildFile; fileRef = 37F916B91D02874B00C20731 /* shoes.png */; };
		37F916C81D028B0300C20731 /* shirts.png in Resources */ = {isa = PBXBuildFile; fileRef = 37F916C71D028B0300C20731 /* shirts.png */; };
/* End PBXBuildFile section */

/* Begin PBXFileReference section */
		370E45DB1D027B5200887C7F /* OverseaPurchasing.app */ = {isa = PBXFileReference; explicitFileType = wrapper.application; includeInIndex = 0; path = OverseaPurchasing.app; sourceTree = BUILT_PRODUCTS_DIR; };
		370E45DF1D027B5200887C7F /* main.m */ = {isa = PBXFileReference; lastKnownFileType = sourcecode.c.objc; path = main.m; sourceTree = "<group>"; };
		370E45E11D027B5200887C7F /* AppDelegate.h */ = {isa = PBXFileReference; lastKnownFileType = sourcecode.c.h; path = AppDelegate.h; sourceTree = "<group>"; };
		370E45E21D027B5200887C7F /* AppDelegate.m */ = {isa = PBXFileReference; lastKnownFileType = sourcecode.c.objc; path = AppDelegate.m; sourceTree = "<group>"; };
		370E45E41D027B5200887C7F /* ViewController.h */ = {isa = PBXFileReference; lastKnownFileType = sourcecode.c.h; path = ViewController.h; sourceTree = "<group>"; };
		370E45E51D027B5200887C7F /* ViewController.m */ = {isa = PBXFileReference; lastKnownFileType = sourcecode.c.objc; path = ViewController.m; sourceTree = "<group>"; };
		370E45E81D027B5200887C7F /* Base */ = {isa = PBXFileReference; lastKnownFileType = file.storyboard; name = Base; path = Base.lproj/Main.storyboard; sourceTree = "<group>"; };
		370E45EA1D027B5200887C7F /* Assets.xcassets */ = {isa = PBXFileReference; lastKnownFileType = folder.assetcatalog; path = Assets.xcassets; sourceTree = "<group>"; };
		370E45ED1D027B5200887C7F /* Base */ = {isa = PBXFileReference; lastKnownFileType = file.storyboard; name = Base; path = Base.lproj/LaunchScreen.storyboard; sourceTree = "<group>"; };
		370E45EF1D027B5200887C7F /* Info.plist */ = {isa = PBXFileReference; lastKnownFileType = text.plist.xml; path = Info.plist; sourceTree = "<group>"; };
		370E45F51D027C5000887C7F /* desk.jpg */ = {isa = PBXFileReference; lastKnownFileType = image.jpeg; path = desk.jpg; sourceTree = "<group>"; };
		370E45F61D027C5000887C7F /* plane.jpg */ = {isa = PBXFileReference; lastKnownFileType = image.jpeg; path = plane.jpg; sourceTree = "<group>"; };
		3745DB571D0558E8009D8453 /* IconAllItem.png */ = {isa = PBXFileReference; lastKnownFileType = image.png; path = IconAllItem.png; sourceTree = "<group>"; };
		3745DB581D0558E8009D8453 /* IconCart.png */ = {isa = PBXFileReference; lastKnownFileType = image.png; path = IconCart.png; sourceTree = "<group>"; };
		3745DB591D0558E8009D8453 /* IconUser.png */ = {isa = PBXFileReference; lastKnownFileType = image.png; path = IconUser.png; sourceTree = "<group>"; };
		3745DB5D1D069BCF009D8453 /* UserObject.h */ = {isa = PBXFileReference; fileEncoding = 4; lastKnownFileType = sourcecode.c.h; path = UserObject.h; sourceTree = "<group>"; };
		3745DB5E1D069BCF009D8453 /* UserObject.m */ = {isa = PBXFileReference; fileEncoding = 4; lastKnownFileType = sourcecode.c.objc; path = UserObject.m; sourceTree = "<group>"; };
		3745DB601D07010F009D8453 /* macbook.jpg */ = {isa = PBXFileReference; lastKnownFileType = image.jpeg; path = macbook.jpg; sourceTree = "<group>"; };
		37929E3B1D029F2800ED632E /* ItemTableViewController.h */ = {isa = PBXFileReference; fileEncoding = 4; lastKnownFileType = sourcecode.c.h; path = ItemTableViewController.h; sourceTree = "<group>"; };
		37929E3C1D029F2800ED632E /* ItemTableViewController.m */ = {isa = PBXFileReference; fileEncoding = 4; lastKnownFileType = sourcecode.c.objc; path = ItemTableViewController.m; sourceTree = "<group>"; };
		37929E3E1D02A87F00ED632E /* Items.m */ = {isa = PBXFileReference; fileEncoding = 4; lastKnownFileType = sourcecode.c.objc; path = Items.m; sourceTree = "<group>"; };
		37929E411D02A8B800ED632E /* Items.h */ = {isa = PBXFileReference; lastKnownFileType = sourcecode.c.h; path = Items.h; sourceTree = "<group>"; };
		37929E421D02AD2400ED632E /* ItemObject.h */ = {isa = PBXFileReference; fileEncoding = 4; lastKnownFileType = sourcecode.c.h; path = ItemObject.h; sourceTree = "<group>"; };
		37929E431D02AD2400ED632E /* ItemObject.m */ = {isa = PBXFileReference; fileEncoding = 4; lastKnownFileType = sourcecode.c.objc; path = ItemObject.m; sourceTree = "<group>"; };
		37929E451D02B59200ED632E /* item1.png */ = {isa = PBXFileReference; lastKnownFileType = image.png; path = item1.png; sourceTree = "<group>"; };
		37929E471D02B59900ED632E /* item3.png */ = {isa = PBXFileReference; lastKnownFileType = image.png; path = item3.png; sourceTree = "<group>"; };
		37929E491D02B59F00ED632E /* item2.png */ = {isa = PBXFileReference; lastKnownFileType = image.png; path = item2.png; sourceTree = "<group>"; };
		37929E571D02C22200ED632E /* ItemDetailUIViewController.h */ = {isa = PBXFileReference; fileEncoding = 4; lastKnownFileType = sourcecode.c.h; path = ItemDetailUIViewController.h; sourceTree = "<group>"; };
		37929E581D02C22200ED632E /* ItemDetailUIViewController.m */ = {isa = PBXFileReference; fileEncoding = 4; lastKnownFileType = sourcecode.c.objc; path = ItemDetailUIViewController.m; sourceTree = "<group>"; };
		37F916B31D02874B00C20731 /* 3C.png */ = {isa = PBXFileReference; lastKnownFileType = image.png; path = 3C.png; sourceTree = "<group>"; };
		37F916B41D02874B00C20731 /* bags.png */ = {isa = PBXFileReference; lastKnownFileType = image.png; path = bags.png; sourceTree = "<group>"; };
		37F916B51D02874B00C20731 /* food.png */ = {isa = PBXFileReference; lastKnownFileType = image.png; path = food.png; sourceTree = "<group>"; };
		37F916B61D02874B00C20731 /* life.png */ = {isa = PBXFileReference; lastKnownFileType = image.png; path = life.png; sourceTree = "<group>"; };
		37F916B71D02874B00C20731 /* others.png */ = {isa = PBXFileReference; lastKnownFileType = image.png; path = others.png; sourceTree = "<group>"; };
		37F916B81D02874B00C20731 /* pants.png */ = {isa = PBXFileReference; lastKnownFileType = image.png; path = pants.png; sourceTree = "<group>"; };
		37F916B91D02874B00C20731 /* shoes.png */ = {isa = PBXFileReference; lastKnownFileType = image.png; path = shoes.png; sourceTree = "<group>"; };
		37F916C71D028B0300C20731 /* shirts.png */ = {isa = PBXFileReference; lastKnownFileType = image.png; path = shirts.png; sourceTree = "<group>"; };
/* End PBXFileReference section */

/* Begin PBXFrameworksBuildPhase section */
		370E45D81D027B5200887C7F /* Frameworks */ = {
			isa = PBXFrameworksBuildPhase;
			buildActionMask = 2147483647;
			files = (
			);
			runOnlyForDeploymentPostprocessing = 0;
		};
/* End PBXFrameworksBuildPhase section */

/* Begin PBXGroup section */
		370E45D21D027B5200887C7F = {
			isa = PBXGroup;
			children = (
				370E45DD1D027B5200887C7F /* OverseaPurchasing */,
				370E45DC1D027B5200887C7F /* Products */,
			);
			sourceTree = "<group>";
		};
		370E45DC1D027B5200887C7F /* Products */ = {
			isa = PBXGroup;
			children = (
				370E45DB1D027B5200887C7F /* OverseaPurchasing.app */,
			);
			name = Products;
			sourceTree = "<group>";
		};
		370E45DD1D027B5200887C7F /* OverseaPurchasing */ = {
			isa = PBXGroup;
			children = (
				370E45E11D027B5200887C7F /* AppDelegate.h */,
				370E45E21D027B5200887C7F /* AppDelegate.m */,
				370E45E41D027B5200887C7F /* ViewController.h */,
				370E45E51D027B5200887C7F /* ViewController.m */,
				370E45E71D027B5200887C7F /* Main.storyboard */,
				3745DB5D1D069BCF009D8453 /* UserObject.h */,
				3745DB5E1D069BCF009D8453 /* UserObject.m */,
				37929E421D02AD2400ED632E /* ItemObject.h */,
				37929E431D02AD2400ED632E /* ItemObject.m */,
				37929E3B1D029F2800ED632E /* ItemTableViewController.h */,
				37929E3C1D029F2800ED632E /* ItemTableViewController.m */,
				37929E571D02C22200ED632E /* ItemDetailUIViewController.h */,
				37929E581D02C22200ED632E /* ItemDetailUIViewController.m */,
				370E45EA1D027B5200887C7F /* Assets.xcassets */,
				370E45EC1D027B5200887C7F /* LaunchScreen.storyboard */,
				370E45EF1D027B5200887C7F /* Info.plist */,
				370E45DE1D027B5200887C7F /* Supporting Files */,
			);
			path = OverseaPurchasing;
			sourceTree = "<group>";
		};
		370E45DE1D027B5200887C7F /* Supporting Files */ = {
			isa = PBXGroup;
			children = (
				3745DB601D07010F009D8453 /* macbook.jpg */,
				37929E3E1D02A87F00ED632E /* Items.m */,
				37929E411D02A8B800ED632E /* Items.h */,
				3745DB571D0558E8009D8453 /* IconAllItem.png */,
				3745DB581D0558E8009D8453 /* IconCart.png */,
				3745DB591D0558E8009D8453 /* IconUser.png */,
				37F916C71D028B0300C20731 /* shirts.png */,
				37F916B31D02874B00C20731 /* 3C.png */,
				37F916B41D02874B00C20731 /* bags.png */,
				37F916B51D02874B00C20731 /* food.png */,
				37F916B61D02874B00C20731 /* life.png */,
				37929E471D02B59900ED632E /* item3.png */,
				37929E491D02B59F00ED632E /* item2.png */,
				37F916B71D02874B00C20731 /* others.png */,
				37F916B81D02874B00C20731 /* pants.png */,
				37F916B91D02874B00C20731 /* shoes.png */,
				37929E451D02B59200ED632E /* item1.png */,
				370E45F51D027C5000887C7F /* desk.jpg */,
				370E45F61D027C5000887C7F /* plane.jpg */,
				370E45DF1D027B5200887C7F /* main.m */,
			);
			name = "Supporting Files";
			sourceTree = "<group>";
		};
/* End PBXGroup section */

/* Begin PBXNativeTarget section */
		370E45DA1D027B5200887C7F /* OverseaPurchasing */ = {
			isa = PBXNativeTarget;
			buildConfigurationList = 370E45F21D027B5200887C7F /* Build configuration list for PBXNativeTarget "OverseaPurchasing" */;
			buildPhases = (
				370E45D71D027B5200887C7F /* Sources */,
				370E45D81D027B5200887C7F /* Frameworks */,
				370E45D91D027B5200887C7F /* Resources */,
			);
			buildRules = (
			);
			dependencies = (
			);
			name = OverseaPurchasing;
			productName = OverseaPurchasing;
			productReference = 370E45DB1D027B5200887C7F /* OverseaPurchasing.app */;
			productType = "com.apple.product-type.application";
		};
/* End PBXNativeTarget section */

/* Begin PBXProject section */
		370E45D31D027B5200887C7F /* Project object */ = {
			isa = PBXProject;
			attributes = {
				LastUpgradeCheck = 0730;
				ORGANIZATIONNAME = ntnu;
				TargetAttributes = {
					370E45DA1D027B5200887C7F = {
						CreatedOnToolsVersion = 7.3.1;
					};
				};
			};
			buildConfigurationList = 370E45D61D027B5200887C7F /* Build configuration list for PBXProject "OverseaPurchasing" */;
			compatibilityVersion = "Xcode 3.2";
			developmentRegion = English;
			hasScannedForEncodings = 0;
			knownRegions = (
				en,
				Base,
			);
			mainGroup = 370E45D21D027B5200887C7F;
			productRefGroup = 370E45DC1D027B5200887C7F /* Products */;
			projectDirPath = "";
			projectRoot = "";
			targets = (
				370E45DA1D027B5200887C7F /* OverseaPurchasing */,
			);
		};
/* End PBXProject section */

/* Begin PBXResourcesBuildPhase section */
		370E45D91D027B5200887C7F /* Resources */ = {
			isa = PBXResourcesBuildPhase;
			buildActionMask = 2147483647;
			files = (
				37F916C81D028B0300C20731 /* shirts.png in Resources */,
				37F916BE1D02874B00C20731 /* others.png in Resources */,
				3745DB611D07010F009D8453 /* macbook.jpg in Resources */,
				37929E461D02B59200ED632E /* item1.png in Resources */,
				370E45EE1D027B5200887C7F /* LaunchScreen.storyboard in Resources */,
				370E45EB1D027B5200887C7F /* Assets.xcassets in Resources */,
				37F916BD1D02874B00C20731 /* life.png in Resources */,
				37929E4A1D02B59F00ED632E /* item2.png in Resources */,
				370E45F81D027C5000887C7F /* plane.jpg in Resources */,
				3745DB5B1D0558E8009D8453 /* IconCart.png in Resources */,
				37F916BC1D02874B00C20731 /* food.png in Resources */,
				37F916BA1D02874B00C20731 /* 3C.png in Resources */,
				37F916BB1D02874B00C20731 /* bags.png in Resources */,
				3745DB5C1D0558E8009D8453 /* IconUser.png in Resources */,
				370E45F71D027C5000887C7F /* desk.jpg in Resources */,
				37F916BF1D02874B00C20731 /* pants.png in Resources */,
				3745DB5A1D0558E8009D8453 /* IconAllItem.png in Resources */,
				37F916C01D02874B00C20731 /* shoes.png in Resources */,
				37929E481D02B59900ED632E /* item3.png in Resources */,
				370E45E91D027B5200887C7F /* Main.storyboard in Resources */,
			);
			runOnlyForDeploymentPostprocessing = 0;
		};
/* End PBXResourcesBuildPhase section */

/* Begin PBXSourcesBuildPhase section */
		370E45D71D027B5200887C7F /* Sources */ = {
			isa = PBXSourcesBuildPhase;
			buildActionMask = 2147483647;
			files = (
				370E45E61D027B5200887C7F /* ViewController.m in Sources */,
				37929E441D02AD2400ED632E /* ItemObject.m in Sources */,
				370E45E31D027B5200887C7F /* AppDelegate.m in Sources */,
				37929E3F1D02A87F00ED632E /* Items.m in Sources */,
				37929E591D02C22200ED632E /* ItemDetailUIViewController.m in Sources */,
				3745DB5F1D069BCF009D8453 /* UserObject.m in Sources */,
				370E45E01D027B5200887C7F /* main.m in Sources */,
				37929E3D1D029F2800ED632E /* ItemTableViewController.m in Sources */,
			);
			runOnlyForDeploymentPostprocessing = 0;
		};
/* End PBXSourcesBuildPhase section */

/* Begin PBXVariantGroup section */
		370E45E71D027B5200887C7F /* Main.storyboard */ = {
			isa = PBXVariantGroup;
			children = (
				370E45E81D027B5200887C7F /* Base */,
			);
			name = Main.storyboard;
			sourceTree = "<group>";
		};
		370E45EC1D027B5200887C7F /* LaunchScreen.storyboard */ = {
			isa = PBXVariantGroup;
			children = (
				370E45ED1D027B5200887C7F /* Base */,
			);
			name = LaunchScreen.storyboard;
			sourceTree = "<group>";
		};
/* End PBXVariantGroup section */

/* Begin XCBuildConfiguration section */
		370E45F01D027B5200887C7F /* Debug */ = {
			isa = XCBuildConfiguration;
			buildSettings = {
				ALWAYS_SEARCH_USER_PATHS = NO;
				CLANG_ANALYZER_NONNULL = YES;
				CLANG_CXX_LANGUAGE_STANDARD = "gnu++0x";
				CLANG_CXX_LIBRARY = "libc++";
				CLANG_ENABLE_MODULES = YES;
				CLANG_ENABLE_OBJC_ARC = YES;
				CLANG_WARN_BOOL_CONVERSION = YES;
				CLANG_WARN_CONSTANT_CONVERSION = YES;
				CLANG_WARN_DIRECT_OBJC_ISA_USAGE = YES_ERROR;
				CLANG_WARN_EMPTY_BODY = YES;
				CLANG_WARN_ENUM_CONVERSION = YES;
				CLANG_WARN_INT_CONVERSION = YES;
				CLANG_WARN_OBJC_ROOT_CLASS = YES_ERROR;
				CLANG_WARN_UNREACHABLE_CODE = YES;
				CLANG_WARN__DUPLICATE_METHOD_MATCH = YES;
				"CODE_SIGN_IDENTITY[sdk=iphoneos*]" = "iPhone Developer";
				COPY_PHASE_STRIP = NO;
				DEBUG_INFORMATION_FORMAT = dwarf;
				ENABLE_STRICT_OBJC_MSGSEND = YES;
				ENABLE_TESTABILITY = YES;
				GCC_C_LANGUAGE_STANDARD = gnu99;
				GCC_DYNAMIC_NO_PIC = NO;
				GCC_NO_COMMON_BLOCKS = YES;
				GCC_OPTIMIZATION_LEVEL = 0;
				GCC_PREPROCESSOR_DEFINITIONS = (
					"DEBUG=1",
					"$(inherited)",
				);
				GCC_WARN_64_TO_32_BIT_CONVERSION = YES;
				GCC_WARN_ABOUT_RETURN_TYPE = YES_ERROR;
				GCC_WARN_UNDECLARED_SELECTOR = YES;
				GCC_WARN_UNINITIALIZED_AUTOS = YES_AGGRESSIVE;
				GCC_WARN_UNUSED_FUNCTION = YES;
				GCC_WARN_UNUSED_VARIABLE = YES;
				IPHONEOS_DEPLOYMENT_TARGET = 9.3;
				MTL_ENABLE_DEBUG_INFO = YES;
				ONLY_ACTIVE_ARCH = YES;
				SDKROOT = iphoneos;
			};
			name = Debug;
		};
		370E45F11D027B5200887C7F /* Release */ = {
			isa = XCBuildConfiguration;
			buildSettings = {
				ALWAYS_SEARCH_USER_PATHS = NO;
				CLANG_ANALYZER_NONNULL = YES;
				CLANG_CXX_LANGUAGE_STANDARD = "gnu++0x";
				CLANG_CXX_LIBRARY = "libc++";
				CLANG_ENABLE_MODULES = YES;
				CLANG_ENABLE_OBJC_ARC = YES;
				CLANG_WARN_BOOL_CONVERSION = YES;
				CLANG_WARN_CONSTANT_CONVERSION = YES;
				CLANG_WARN_DIRECT_OBJC_ISA_USAGE = YES_ERROR;
				CLANG_WARN_EMPTY_BODY = YES;
				CLANG_WARN_ENUM_CONVERSION = YES;
				CLANG_WARN_INT_CONVERSION = YES;
				CLANG_WARN_OBJC_ROOT_CLASS = YES_ERROR;
				CLANG_WARN_UNREACHABLE_CODE = YES;
				CLANG_WARN__DUPLICATE_METHOD_MATCH = YES;
				"CODE_SIGN_IDENTITY[sdk=iphoneos*]" = "iPhone Developer";
				COPY_PHASE_STRIP = NO;
				DEBUG_INFORMATION_FORMAT = "dwarf-with-dsym";
				ENABLE_NS_ASSERTIONS = NO;
				ENABLE_STRICT_OBJC_MSGSEND = YES;
				GCC_C_LANGUAGE_STANDARD = gnu99;
				GCC_NO_COMMON_BLOCKS = YES;
				GCC_WARN_64_TO_32_BIT_CONVERSION = YES;
				GCC_WARN_ABOUT_RETURN_TYPE = YES_ERROR;
				GCC_WARN_UNDECLARED_SELECTOR = YES;
				GCC_WARN_UNINITIALIZED_AUTOS = YES_AGGRESSIVE;
				GCC_WARN_UNUSED_FUNCTION = YES;
				GCC_WARN_UNUSED_VARIABLE = YES;
				IPHONEOS_DEPLOYMENT_TARGET = 9.3;
				MTL_ENABLE_DEBUG_INFO = NO;
				SDKROOT = iphoneos;
				VALIDATE_PRODUCT = YES;
			};
			name = Release;
		};
		370E45F31D027B5200887C7F /* Debug */ = {
			isa = XCBuildConfiguration;
			buildSettings = {
				ASSETCATALOG_COMPILER_APPICON_NAME = AppIcon;
				INFOPLIST_FILE = OverseaPurchasing/Info.plist;
				LD_RUNPATH_SEARCH_PATHS = "$(inherited) @executable_path/Frameworks";
				PRODUCT_BUNDLE_IDENTIFIER = tw.edu.ntnu.OverseaPurchasing;
				PRODUCT_NAME = "$(TARGET_NAME)";
			};
			name = Debug;
		};
		370E45F41D027B5200887C7F /* Release */ = {
			isa = XCBuildConfiguration;
			buildSettings = {
				ASSETCATALOG_COMPILER_APPICON_NAME = AppIcon;
				INFOPLIST_FILE = OverseaPurchasing/Info.plist;
				LD_RUNPATH_SEARCH_PATHS = "$(inherited) @executable_path/Frameworks";
				PRODUCT_BUNDLE_IDENTIFIER = tw.edu.ntnu.OverseaPurchasing;
				PRODUCT_NAME = "$(TARGET_NAME)";
			};
			name = Release;
		};
/* End XCBuildConfiguration section */

/* Begin XCConfigurationList section */
		370E45D61D027B5200887C7F /* Build configuration list for PBXProject "OverseaPurchasing" */ = {
			isa = XCConfigurationList;
			buildConfigurations = (
				370E45F01D027B5200887C7F /* Debug */,
				370E45F11D027B5200887C7F /* Release */,
			);
			defaultConfigurationIsVisible = 0;
			defaultConfigurationName = Release;
		};
		370E45F21D027B5200887C7F /* Build configuration list for PBXNativeTarget "OverseaPurchasing" */ = {
			isa = XCConfigurationList;
			buildConfigurations = (
				370E45F31D027B5200887C7F /* Debug */,
				370E45F41D027B5200887C7F /* Release */,
			);
			defaultConfigurationIsVisible = 0;
			defaultConfigurationName = Release;
		};
/* End XCConfigurationList section */
	};
	rootObject = 370E45D31D027B5200887C7F /* Project object */;
}
